
Microsoft Visual Studio Solution File, Format Version 12.00
# Visual Studio Version 17
VisualStudioVersion = 17.8.34330.188
MinimumVisualStudioVersion = 10.0.40219.1
Project("{FAE04EC0-301F-11D3-BF4B-00C04F79EFBC}") = "CropImage", "CropImage\CropImage.csproj", "{5274C4AB-D7B5-44BD-AAC9-BD58AFA20F19}"
EndProject
Global
	GlobalSection(SolutionConfigurationPlatforms) = preSolution
		Debug|Any CPU = Debug|Any CPU
		Release|Any CPU = Release|Any CPU
	EndGlobalSection
	GlobalSection(ProjectConfigurationPlatforms) = postSolution
		{5274C4AB-D7B5-44BD-AAC9-BD58AFA20F19}.Debug|Any CPU.ActiveCfg = Debug|Any CPU
		{5274C4AB-D7B5-44BD-AAC9-BD58AFA20F19}.Debug|Any CPU.Build.0 = Debug|Any CPU
		{5274C4AB-D7B5-44BD-AAC9-BD58AFA20F19}.Release|Any CPU.ActiveCfg = Release|Any CPU
		{5274C4AB-D7B5-44BD-AAC9-BD58AFA20F19}.Release|Any CPU.Build.0 = Release|Any CPU
	EndGlobalSection
	GlobalSection(SolutionProperties) = preSolution
		HideSolutionNode = FALSE
	EndGlobalSection
	GlobalSection(ExtensibilityGlobals) = postSolution
		SolutionGuid = {A706F278-1671-40BB-AC63-2C10C05E88F0}
	EndGlobalSection
EndGlobal
