
Microsoft Visual Studio Solution File, Format Version 12.00
# Visual Studio 2013
VisualStudioVersion = 12.0.21005.1
MinimumVisualStudioVersion = 10.0.40219.1
Project("{FAE04EC0-301F-11D3-BF4B-00C04F79EFBC}") = "PictureBox Crop Image", "PictureBox Crop Image\PictureBox Crop Image.csproj", "{B96D64CA-74CE-490F-830C-35ED671A6FCD}"
EndProject
Global
	GlobalSection(SolutionConfigurationPlatforms) = preSolution
		Debug|Any CPU = Debug|Any CPU
		Release|Any CPU = Release|Any CPU
	EndGlobalSection
	GlobalSection(ProjectConfigurationPlatforms) = postSolution
		{B96D64CA-74CE-490F-830C-35ED671A6FCD}.Debug|Any CPU.ActiveCfg = Debug|Any CPU
		{B96D64CA-74CE-490F-830C-35ED671A6FCD}.Debug|Any CPU.Build.0 = Debug|Any CPU
		{B96D64CA-74CE-490F-830C-35ED671A6FCD}.Release|Any CPU.ActiveCfg = Release|Any CPU
		{B96D64CA-74CE-490F-830C-35ED671A6FCD}.Release|Any CPU.Build.0 = Release|Any CPU
	EndGlobalSection
	GlobalSection(SolutionProperties) = preSolution
		HideSolutionNode = FALSE
	EndGlobalSection
EndGlobal
